
Microsoft Visual Studio Solution File, Format Version 12.00
# Visual Studio Version 17
VisualStudioVersion = 17.13.35919.96 d17.13
MinimumVisualStudioVersion = 10.0.40219.1
Project("{FAE04EC0-301F-11D3-BF4B-00C04F79EFBC}") = "RussComp6", "RussComp6\RussComp6\RussComp6.csproj", "{96741E6D-9C0E-4714-9C67-98B94D81FFDF}"
EndProject
Project("{FAE04EC0-301F-11D3-BF4B-00C04F79EFBC}") = "RussComp6.Client", "RussComp6\RussComp6.Client\RussComp6.Client.csproj", "{0ACB54C5-887F-4BEE-8D00-3D31A83EA999}"
EndProject
Global
	GlobalSection(SolutionConfigurationPlatforms) = preSolution
		Debug|Any CPU = Debug|Any CPU
		Release|Any CPU = Release|Any CPU
	EndGlobalSection
	GlobalSection(ProjectConfigurationPlatforms) = postSolution
		{96741E6D-9C0E-4714-9C67-98B94D81FFDF}.Debug|Any CPU.ActiveCfg = Debug|Any CPU
		{96741E6D-9C0E-4714-9C67-98B94D81FFDF}.Debug|Any CPU.Build.0 = Debug|Any CPU
		{96741E6D-9C0E-4714-9C67-98B94D81FFDF}.Release|Any CPU.ActiveCfg = Release|Any CPU
		{96741E6D-9C0E-4714-9C67-98B94D81FFDF}.Release|Any CPU.Build.0 = Release|Any CPU
		{0ACB54C5-887F-4BEE-8D00-3D31A83EA999}.Debug|Any CPU.ActiveCfg = Debug|Any CPU
		{0ACB54C5-887F-4BEE-8D00-3D31A83EA999}.Debug|Any CPU.Build.0 = Debug|Any CPU
		{0ACB54C5-887F-4BEE-8D00-3D31A83EA999}.Release|Any CPU.ActiveCfg = Release|Any CPU
		{0ACB54C5-887F-4BEE-8D00-3D31A83EA999}.Release|Any CPU.Build.0 = Release|Any CPU
	EndGlobalSection
	GlobalSection(SolutionProperties) = preSolution
		HideSolutionNode = FALSE
	EndGlobalSection
	GlobalSection(ExtensibilityGlobals) = postSolution
		SolutionGuid = {A64BF103-9C85-4784-A5C4-C9EE6F7F33F2}
	EndGlobalSection
EndGlobal
